
Microsoft Visual Studio Solution File, Format Version 12.00
# Visual Studio Version 17
VisualStudioVersion = 17.11.35312.102
MinimumVisualStudioVersion = 10.0.40219.1
Project("{FAE04EC0-301F-11D3-BF4B-00C04F79EFBC}") = "BlogApp.Domain", "BlogApp.Domain\BlogApp.Domain.csproj", "{59E4A103-9507-4580-A46B-8C84941B4FC1}"
EndProject
Project("{FAE04EC0-301F-11D3-BF4B-00C04F79EFBC}") = "BlogApp.Application", "BlogApp.Application\BlogApp.Application.csproj", "{52BA9B2F-B436-4E3A-8D49-2CAB0AEFC62E}"
EndProject
Project("{FAE04EC0-301F-11D3-BF4B-00C04F79EFBC}") = "BlogApp.Infrastructure", "BlogApp.Infrastructure\BlogApp.Infrastructure.csproj", "{6E7C97BB-6DC0-4421-85F1-2E5DCD8D9F3A}"
EndProject
Project("{FAE04EC0-301F-11D3-BF4B-00C04F79EFBC}") = "BlogApp.API", "BlogApp.API\BlogApp.API.csproj", "{9222E8E7-7D1E-4CCE-885F-E3A7D3FAB4B4}"
EndProject
Project("{FAE04EC0-301F-11D3-BF4B-00C04F79EFBC}") = "BlogApp.UI", "BlogApp.UI\BlogApp.UI.csproj", "{7D660E09-6F8A-4CA5-8381-030AD1C2F3CB}"
EndProject
Global
	GlobalSection(SolutionConfigurationPlatforms) = preSolution
		Debug|Any CPU = Debug|Any CPU
		Release|Any CPU = Release|Any CPU
	EndGlobalSection
	GlobalSection(ProjectConfigurationPlatforms) = postSolution
		{59E4A103-9507-4580-A46B-8C84941B4FC1}.Debug|Any CPU.ActiveCfg = Debug|Any CPU
		{59E4A103-9507-4580-A46B-8C84941B4FC1}.Debug|Any CPU.Build.0 = Debug|Any CPU
		{59E4A103-9507-4580-A46B-8C84941B4FC1}.Release|Any CPU.ActiveCfg = Release|Any CPU
		{59E4A103-9507-4580-A46B-8C84941B4FC1}.Release|Any CPU.Build.0 = Release|Any CPU
		{52BA9B2F-B436-4E3A-8D49-2CAB0AEFC62E}.Debug|Any CPU.ActiveCfg = Debug|Any CPU
		{52BA9B2F-B436-4E3A-8D49-2CAB0AEFC62E}.Debug|Any CPU.Build.0 = Debug|Any CPU
		{52BA9B2F-B436-4E3A-8D49-2CAB0AEFC62E}.Release|Any CPU.ActiveCfg = Release|Any CPU
		{52BA9B2F-B436-4E3A-8D49-2CAB0AEFC62E}.Release|Any CPU.Build.0 = Release|Any CPU
		{6E7C97BB-6DC0-4421-85F1-2E5DCD8D9F3A}.Debug|Any CPU.ActiveCfg = Debug|Any CPU
		{6E7C97BB-6DC0-4421-85F1-2E5DCD8D9F3A}.Debug|Any CPU.Build.0 = Debug|Any CPU
		{6E7C97BB-6DC0-4421-85F1-2E5DCD8D9F3A}.Release|Any CPU.ActiveCfg = Release|Any CPU
		{6E7C97BB-6DC0-4421-85F1-2E5DCD8D9F3A}.Release|Any CPU.Build.0 = Release|Any CPU
		{9222E8E7-7D1E-4CCE-885F-E3A7D3FAB4B4}.Debug|Any CPU.ActiveCfg = Debug|Any CPU
		{9222E8E7-7D1E-4CCE-885F-E3A7D3FAB4B4}.Debug|Any CPU.Build.0 = Debug|Any CPU
		{9222E8E7-7D1E-4CCE-885F-E3A7D3FAB4B4}.Release|Any CPU.ActiveCfg = Release|Any CPU
		{9222E8E7-7D1E-4CCE-885F-E3A7D3FAB4B4}.Release|Any CPU.Build.0 = Release|Any CPU
		{7D660E09-6F8A-4CA5-8381-030AD1C2F3CB}.Debug|Any CPU.ActiveCfg = Debug|Any CPU
		{7D660E09-6F8A-4CA5-8381-030AD1C2F3CB}.Debug|Any CPU.Build.0 = Debug|Any CPU
		{7D660E09-6F8A-4CA5-8381-030AD1C2F3CB}.Release|Any CPU.ActiveCfg = Release|Any CPU
		{7D660E09-6F8A-4CA5-8381-030AD1C2F3CB}.Release|Any CPU.Build.0 = Release|Any CPU
	EndGlobalSection
	GlobalSection(SolutionProperties) = preSolution
		HideSolutionNode = FALSE
	EndGlobalSection
	GlobalSection(ExtensibilityGlobals) = postSolution
		SolutionGuid = {17924D7E-7544-4C6B-8EE1-43EB9657E289}
	EndGlobalSection
EndGlobal
